
Microsoft Visual Studio Solution File, Format Version 12.00
# Visual Studio Version 17
VisualStudioVersion = 17.4.33110.190
MinimumVisualStudioVersion = 10.0.40219.1
Project("{FAE04EC0-301F-11D3-BF4B-00C04F79EFBC}") = "SOSMulheres", "SOSMulheres\SOSMulheres.csproj", "{BDAEB55A-5281-476C-A425-E5C4C90801A7}"
EndProject
Global
	GlobalSection(SolutionConfigurationPlatforms) = preSolution
		Debug|Any CPU = Debug|Any CPU
		Release|Any CPU = Release|Any CPU
	EndGlobalSection
	GlobalSection(ProjectConfigurationPlatforms) = postSolution
		{BDAEB55A-5281-476C-A425-E5C4C90801A7}.Debug|Any CPU.ActiveCfg = Debug|Any CPU
		{BDAEB55A-5281-476C-A425-E5C4C90801A7}.Debug|Any CPU.Build.0 = Debug|Any CPU
		{BDAEB55A-5281-476C-A425-E5C4C90801A7}.Release|Any CPU.ActiveCfg = Release|Any CPU
		{BDAEB55A-5281-476C-A425-E5C4C90801A7}.Release|Any CPU.Build.0 = Release|Any CPU
	EndGlobalSection
	GlobalSection(SolutionProperties) = preSolution
		HideSolutionNode = FALSE
	EndGlobalSection
	GlobalSection(ExtensibilityGlobals) = postSolution
		SolutionGuid = {15C32619-C104-4885-815E-299820016767}
	EndGlobalSection
EndGlobal
